
Microsoft Visual Studio Solution File, Format Version 12.00
# Visual Studio Version 16
VisualStudioVersion = 16.0.30717.126
MinimumVisualStudioVersion = 10.0.40219.1
Project("{9A19103F-16F7-4668-BE54-9A1E7A4F7556}") = "SubChoice", "SubChoice\SubChoice.csproj", "{D4B24D9D-F053-45E3-8784-A7DE2190F7E3}"
EndProject
Project("{9A19103F-16F7-4668-BE54-9A1E7A4F7556}") = "SubChoice.Tests", "SubChoice.Tests\SubChoice.Tests.csproj", "{1DE8FBFA-7A2D-4E8E-959E-FD5921B61277}"
EndProject
Project("{9A19103F-16F7-4668-BE54-9A1E7A4F7556}") = "SubChoice.Core", "SubChoice.Core\SubChoice.Core.csproj", "{6906429F-D34E-4B0E-93C8-A870EA491F72}"
EndProject
Project("{9A19103F-16F7-4668-BE54-9A1E7A4F7556}") = "SubChoice.DataAccess", "SubChoice.DataAccess\SubChoice.DataAccess.csproj", "{72683C35-DE08-41AE-93BF-B4B8F97A9A1E}"
EndProject
Project("{9A19103F-16F7-4668-BE54-9A1E7A4F7556}") = "SubChoice.Services", "SubChoice.Services\SubChoice.Services.csproj", "{98D539D5-1A45-4D2E-BF4E-2336DD450F90}"
EndProject
Project("{2150E333-8FDC-42A3-9474-1A3956D46DE8}") = "Solution Items", "Solution Items", "{4F0243E2-9EFF-4BFB-946A-59BE07939900}"
	ProjectSection(SolutionItems) = preProject
		.editorconfig = .editorconfig
	EndProjectSection
EndProject
Global
	GlobalSection(SolutionConfigurationPlatforms) = preSolution
		Debug|Any CPU = Debug|Any CPU
		Release|Any CPU = Release|Any CPU
	EndGlobalSection
	GlobalSection(ProjectConfigurationPlatforms) = postSolution
		{D4B24D9D-F053-45E3-8784-A7DE2190F7E3}.Debug|Any CPU.ActiveCfg = Debug|Any CPU
		{D4B24D9D-F053-45E3-8784-A7DE2190F7E3}.Debug|Any CPU.Build.0 = Debug|Any CPU
		{D4B24D9D-F053-45E3-8784-A7DE2190F7E3}.Release|Any CPU.ActiveCfg = Release|Any CPU
		{D4B24D9D-F053-45E3-8784-A7DE2190F7E3}.Release|Any CPU.Build.0 = Release|Any CPU
		{1DE8FBFA-7A2D-4E8E-959E-FD5921B61277}.Debug|Any CPU.ActiveCfg = Debug|Any CPU
		{1DE8FBFA-7A2D-4E8E-959E-FD5921B61277}.Debug|Any CPU.Build.0 = Debug|Any CPU
		{1DE8FBFA-7A2D-4E8E-959E-FD5921B61277}.Release|Any CPU.ActiveCfg = Release|Any CPU
		{1DE8FBFA-7A2D-4E8E-959E-FD5921B61277}.Release|Any CPU.Build.0 = Release|Any CPU
		{6906429F-D34E-4B0E-93C8-A870EA491F72}.Debug|Any CPU.ActiveCfg = Debug|Any CPU
		{6906429F-D34E-4B0E-93C8-A870EA491F72}.Debug|Any CPU.Build.0 = Debug|Any CPU
		{6906429F-D34E-4B0E-93C8-A870EA491F72}.Release|Any CPU.ActiveCfg = Release|Any CPU
		{6906429F-D34E-4B0E-93C8-A870EA491F72}.Release|Any CPU.Build.0 = Release|Any CPU
		{72683C35-DE08-41AE-93BF-B4B8F97A9A1E}.Debug|Any CPU.ActiveCfg = Debug|Any CPU
		{72683C35-DE08-41AE-93BF-B4B8F97A9A1E}.Debug|Any CPU.Build.0 = Debug|Any CPU
		{72683C35-DE08-41AE-93BF-B4B8F97A9A1E}.Release|Any CPU.ActiveCfg = Release|Any CPU
		{72683C35-DE08-41AE-93BF-B4B8F97A9A1E}.Release|Any CPU.Build.0 = Release|Any CPU
		{98D539D5-1A45-4D2E-BF4E-2336DD450F90}.Debug|Any CPU.ActiveCfg = Debug|Any CPU
		{98D539D5-1A45-4D2E-BF4E-2336DD450F90}.Debug|Any CPU.Build.0 = Debug|Any CPU
		{98D539D5-1A45-4D2E-BF4E-2336DD450F90}.Release|Any CPU.ActiveCfg = Release|Any CPU
		{98D539D5-1A45-4D2E-BF4E-2336DD450F90}.Release|Any CPU.Build.0 = Release|Any CPU
	EndGlobalSection
	GlobalSection(SolutionProperties) = preSolution
		HideSolutionNode = FALSE
	EndGlobalSection
	GlobalSection(ExtensibilityGlobals) = postSolution
		SolutionGuid = {D6DEB581-1124-45AF-9F4B-65A8105CC7D4}
	EndGlobalSection
EndGlobal
